
Microsoft Visual Studio Solution File, Format Version 12.00
# Visual Studio Version 17
VisualStudioVersion = 17.5.33530.505
MinimumVisualStudioVersion = 10.0.40219.1
Project("{FAE04EC0-301F-11D3-BF4B-00C04F79EFBC}") = "Markel_API_Test", "Markel_API_Test\Markel_API_Test.csproj", "{721B7174-A6AE-4ED1-BBC4-7F393647D188}"
EndProject
Global
	GlobalSection(SolutionConfigurationPlatforms) = preSolution
		Debug|Any CPU = Debug|Any CPU
		Release|Any CPU = Release|Any CPU
	EndGlobalSection
	GlobalSection(ProjectConfigurationPlatforms) = postSolution
		{721B7174-A6AE-4ED1-BBC4-7F393647D188}.Debug|Any CPU.ActiveCfg = Debug|Any CPU
		{721B7174-A6AE-4ED1-BBC4-7F393647D188}.Debug|Any CPU.Build.0 = Debug|Any CPU
		{721B7174-A6AE-4ED1-BBC4-7F393647D188}.Release|Any CPU.ActiveCfg = Release|Any CPU
		{721B7174-A6AE-4ED1-BBC4-7F393647D188}.Release|Any CPU.Build.0 = Release|Any CPU
	EndGlobalSection
	GlobalSection(SolutionProperties) = preSolution
		HideSolutionNode = FALSE
	EndGlobalSection
	GlobalSection(ExtensibilityGlobals) = postSolution
		SolutionGuid = {E87682D4-E87A-48FB-9F61-BCB573E0356B}
	EndGlobalSection
EndGlobal
